
Microsoft Visual Studio Solution File, Format Version 12.00
# Visual Studio 15
VisualStudioVersion = 15.0.28307.1022
MinimumVisualStudioVersion = 10.0.40219.1
Project("{FAE04EC0-301F-11D3-BF4B-00C04F79EFBC}") = "CadastrApp", "CadastrApp\CadastrApp.csproj", "{C423EC03-33DB-42FC-BD09-1F320E2E785D}"
EndProject
Global
	GlobalSection(SolutionConfigurationPlatforms) = preSolution
		Debug|Any CPU = Debug|Any CPU
		Release|Any CPU = Release|Any CPU
	EndGlobalSection
	GlobalSection(ProjectConfigurationPlatforms) = postSolution
		{C423EC03-33DB-42FC-BD09-1F320E2E785D}.Debug|Any CPU.ActiveCfg = Debug|Any CPU
		{C423EC03-33DB-42FC-BD09-1F320E2E785D}.Debug|Any CPU.Build.0 = Debug|Any CPU
		{C423EC03-33DB-42FC-BD09-1F320E2E785D}.Release|Any CPU.ActiveCfg = Release|Any CPU
		{C423EC03-33DB-42FC-BD09-1F320E2E785D}.Release|Any CPU.Build.0 = Release|Any CPU
	EndGlobalSection
	GlobalSection(SolutionProperties) = preSolution
		HideSolutionNode = FALSE
	EndGlobalSection
	GlobalSection(ExtensibilityGlobals) = postSolution
		SolutionGuid = {9CB34D49-9042-48EA-A401-80C464418829}
	EndGlobalSection
EndGlobal
